
Microsoft Visual Studio Solution File, Format Version 12.00
# Visual Studio Version 17
VisualStudioVersion = 17.6.33801.468
MinimumVisualStudioVersion = 10.0.40219.1
Project("{FAE04EC0-301F-11D3-BF4B-00C04F79EFBC}") = "Attributes", "Attributes\Attributes.csproj", "{37B4D7B1-DDC6-4AE7-92C8-E3AB8DF2DC9D}"
EndProject
Global
	GlobalSection(SolutionConfigurationPlatforms) = preSolution
		Debug|Any CPU = Debug|Any CPU
		Release|Any CPU = Release|Any CPU
	EndGlobalSection
	GlobalSection(ProjectConfigurationPlatforms) = postSolution
		{37B4D7B1-DDC6-4AE7-92C8-E3AB8DF2DC9D}.Debug|Any CPU.ActiveCfg = Debug|Any CPU
		{37B4D7B1-DDC6-4AE7-92C8-E3AB8DF2DC9D}.Debug|Any CPU.Build.0 = Debug|Any CPU
		{37B4D7B1-DDC6-4AE7-92C8-E3AB8DF2DC9D}.Release|Any CPU.ActiveCfg = Release|Any CPU
		{37B4D7B1-DDC6-4AE7-92C8-E3AB8DF2DC9D}.Release|Any CPU.Build.0 = Release|Any CPU
	EndGlobalSection
	GlobalSection(SolutionProperties) = preSolution
		HideSolutionNode = FALSE
	EndGlobalSection
	GlobalSection(ExtensibilityGlobals) = postSolution
		SolutionGuid = {A5392E7E-97F3-485E-915E-B6D6B98442F2}
	EndGlobalSection
EndGlobal
