
Microsoft Visual Studio Solution File, Format Version 12.00
# Visual Studio Version 17
VisualStudioVersion = 17.6.33801.468
MinimumVisualStudioVersion = 10.0.40219.1
Project("{FAE04EC0-301F-11D3-BF4B-00C04F79EFBC}") = "Loops", "Loops\Loops.csproj", "{D6F019C6-469B-486F-A2A0-F3AAB0E2434D}"
EndProject
Global
	GlobalSection(SolutionConfigurationPlatforms) = preSolution
		Debug|Any CPU = Debug|Any CPU
		Release|Any CPU = Release|Any CPU
	EndGlobalSection
	GlobalSection(ProjectConfigurationPlatforms) = postSolution
		{D6F019C6-469B-486F-A2A0-F3AAB0E2434D}.Debug|Any CPU.ActiveCfg = Debug|Any CPU
		{D6F019C6-469B-486F-A2A0-F3AAB0E2434D}.Debug|Any CPU.Build.0 = Debug|Any CPU
		{D6F019C6-469B-486F-A2A0-F3AAB0E2434D}.Release|Any CPU.ActiveCfg = Release|Any CPU
		{D6F019C6-469B-486F-A2A0-F3AAB0E2434D}.Release|Any CPU.Build.0 = Release|Any CPU
	EndGlobalSection
	GlobalSection(SolutionProperties) = preSolution
		HideSolutionNode = FALSE
	EndGlobalSection
	GlobalSection(ExtensibilityGlobals) = postSolution
		SolutionGuid = {3A2DD42F-8FB2-4885-BD6B-CE02DA20B003}
	EndGlobalSection
EndGlobal
