
Microsoft Visual Studio Solution File, Format Version 12.00
# Visual Studio Version 17
VisualStudioVersion = 17.6.33801.468
MinimumVisualStudioVersion = 10.0.40219.1
Project("{FAE04EC0-301F-11D3-BF4B-00C04F79EFBC}") = "AdoNetDemo", "AdoNetDemo\AdoNetDemo.csproj", "{05EAFA8C-305E-49B1-9145-EF3AAEB0AD38}"
EndProject
Global
	GlobalSection(SolutionConfigurationPlatforms) = preSolution
		Debug|Any CPU = Debug|Any CPU
		Release|Any CPU = Release|Any CPU
	EndGlobalSection
	GlobalSection(ProjectConfigurationPlatforms) = postSolution
		{05EAFA8C-305E-49B1-9145-EF3AAEB0AD38}.Debug|Any CPU.ActiveCfg = Debug|Any CPU
		{05EAFA8C-305E-49B1-9145-EF3AAEB0AD38}.Debug|Any CPU.Build.0 = Debug|Any CPU
		{05EAFA8C-305E-49B1-9145-EF3AAEB0AD38}.Release|Any CPU.ActiveCfg = Release|Any CPU
		{05EAFA8C-305E-49B1-9145-EF3AAEB0AD38}.Release|Any CPU.Build.0 = Release|Any CPU
	EndGlobalSection
	GlobalSection(SolutionProperties) = preSolution
		HideSolutionNode = FALSE
	EndGlobalSection
	GlobalSection(ExtensibilityGlobals) = postSolution
		SolutionGuid = {DDC19C6B-2CD8-4D67-AE29-13322F221DC4}
	EndGlobalSection
EndGlobal
