
Microsoft Visual Studio Solution File, Format Version 12.00
# Visual Studio Version 17
VisualStudioVersion = 17.6.33801.468
MinimumVisualStudioVersion = 10.0.40219.1
Project("{FAE04EC0-301F-11D3-BF4B-00C04F79EFBC}") = "Delegates", "Delegates\Delegates.csproj", "{A803B34B-C635-44AE-8DF0-9B765594DD7F}"
EndProject
Global
	GlobalSection(SolutionConfigurationPlatforms) = preSolution
		Debug|Any CPU = Debug|Any CPU
		Release|Any CPU = Release|Any CPU
	EndGlobalSection
	GlobalSection(ProjectConfigurationPlatforms) = postSolution
		{A803B34B-C635-44AE-8DF0-9B765594DD7F}.Debug|Any CPU.ActiveCfg = Debug|Any CPU
		{A803B34B-C635-44AE-8DF0-9B765594DD7F}.Debug|Any CPU.Build.0 = Debug|Any CPU
		{A803B34B-C635-44AE-8DF0-9B765594DD7F}.Release|Any CPU.ActiveCfg = Release|Any CPU
		{A803B34B-C635-44AE-8DF0-9B765594DD7F}.Release|Any CPU.Build.0 = Release|Any CPU
	EndGlobalSection
	GlobalSection(SolutionProperties) = preSolution
		HideSolutionNode = FALSE
	EndGlobalSection
	GlobalSection(ExtensibilityGlobals) = postSolution
		SolutionGuid = {F7762A3F-CD6A-4A6A-8B01-0170705F3E98}
	EndGlobalSection
EndGlobal
