
Microsoft Visual Studio Solution File, Format Version 12.00
# Visual Studio Version 17
VisualStudioVersion = 17.6.33801.468
MinimumVisualStudioVersion = 10.0.40219.1
Project("{FAE04EC0-301F-11D3-BF4B-00C04F79EFBC}") = "Generics", "Generics\Generics.csproj", "{35ADDD54-8145-48F2-975F-C3E97AB68899}"
EndProject
Global
	GlobalSection(SolutionConfigurationPlatforms) = preSolution
		Debug|Any CPU = Debug|Any CPU
		Release|Any CPU = Release|Any CPU
	EndGlobalSection
	GlobalSection(ProjectConfigurationPlatforms) = postSolution
		{35ADDD54-8145-48F2-975F-C3E97AB68899}.Debug|Any CPU.ActiveCfg = Debug|Any CPU
		{35ADDD54-8145-48F2-975F-C3E97AB68899}.Debug|Any CPU.Build.0 = Debug|Any CPU
		{35ADDD54-8145-48F2-975F-C3E97AB68899}.Release|Any CPU.ActiveCfg = Release|Any CPU
		{35ADDD54-8145-48F2-975F-C3E97AB68899}.Release|Any CPU.Build.0 = Release|Any CPU
	EndGlobalSection
	GlobalSection(SolutionProperties) = preSolution
		HideSolutionNode = FALSE
	EndGlobalSection
	GlobalSection(ExtensibilityGlobals) = postSolution
		SolutionGuid = {818903DF-FD8F-4B1D-8ED9-1186F86BF50A}
	EndGlobalSection
EndGlobal
