
Microsoft Visual Studio Solution File, Format Version 12.00
# Visual Studio Version 17
VisualStudioVersion = 17.6.33801.468
MinimumVisualStudioVersion = 10.0.40219.1
Project("{FAE04EC0-301F-11D3-BF4B-00C04F79EFBC}") = "Events", "Events\Events.csproj", "{0C656074-D541-4A9C-A761-1867DFAF68AD}"
EndProject
Global
	GlobalSection(SolutionConfigurationPlatforms) = preSolution
		Debug|Any CPU = Debug|Any CPU
		Release|Any CPU = Release|Any CPU
	EndGlobalSection
	GlobalSection(ProjectConfigurationPlatforms) = postSolution
		{0C656074-D541-4A9C-A761-1867DFAF68AD}.Debug|Any CPU.ActiveCfg = Debug|Any CPU
		{0C656074-D541-4A9C-A761-1867DFAF68AD}.Debug|Any CPU.Build.0 = Debug|Any CPU
		{0C656074-D541-4A9C-A761-1867DFAF68AD}.Release|Any CPU.ActiveCfg = Release|Any CPU
		{0C656074-D541-4A9C-A761-1867DFAF68AD}.Release|Any CPU.Build.0 = Release|Any CPU
	EndGlobalSection
	GlobalSection(SolutionProperties) = preSolution
		HideSolutionNode = FALSE
	EndGlobalSection
	GlobalSection(ExtensibilityGlobals) = postSolution
		SolutionGuid = {AFC23561-C7BE-489B-BD9E-686BBC7008E6}
	EndGlobalSection
EndGlobal
