
Microsoft Visual Studio Solution File, Format Version 12.00
# Visual Studio Version 17
VisualStudioVersion = 17.6.33801.468
MinimumVisualStudioVersion = 10.0.40219.1
Project("{FAE04EC0-301F-11D3-BF4B-00C04F79EFBC}") = "TypesAndVariables", "TypesAndVariables\TypesAndVariables.csproj", "{7970459F-612F-4C3B-9F17-EFE74458E073}"
EndProject
Global
	GlobalSection(SolutionConfigurationPlatforms) = preSolution
		Debug|Any CPU = Debug|Any CPU
		Release|Any CPU = Release|Any CPU
	EndGlobalSection
	GlobalSection(ProjectConfigurationPlatforms) = postSolution
		{7970459F-612F-4C3B-9F17-EFE74458E073}.Debug|Any CPU.ActiveCfg = Debug|Any CPU
		{7970459F-612F-4C3B-9F17-EFE74458E073}.Debug|Any CPU.Build.0 = Debug|Any CPU
		{7970459F-612F-4C3B-9F17-EFE74458E073}.Release|Any CPU.ActiveCfg = Release|Any CPU
		{7970459F-612F-4C3B-9F17-EFE74458E073}.Release|Any CPU.Build.0 = Release|Any CPU
	EndGlobalSection
	GlobalSection(SolutionProperties) = preSolution
		HideSolutionNode = FALSE
	EndGlobalSection
	GlobalSection(ExtensibilityGlobals) = postSolution
		SolutionGuid = {116CE7DE-8515-443D-B64F-61F521E35E27}
	EndGlobalSection
EndGlobal
